{
  "nodes": {
    "nixpkgs": {
      "locked": {
        "lastModified": 1752946745,
        "narHash": "sha256-e6TZD9b7wK1Gl6mMwTDL1qnuhTKs5ziClz30p8M8BOA=",
        "owner": "nixos",
        "repo": "nixpkgs",
        "rev": "da77d74e497e9bfeb03951d76892225084f6509f",
        "type": "github"
      },
      "original": {
        "owner": "nixos",
        "ref": "release-25.05",
        "repo": "nixpkgs",
        "type": "github"
      }
    },
    "root": {
      "inputs": {
        "nixpkgs": "nixpkgs"
      }
    }
  },
  "root": "root",
  "version": 7
}
